# This file is automatically @generated by Poetry 1.7.0 and should not be changed by hand.

[[package]]
name = "libtmux"
version = "0.23.2"
description = "Typed scripting library / ORM / API wrapper for tmux"
optional = false
python-versions = ">=3.7,<4.0"
files = [
    {file = "libtmux-0.23.2-py3-none-any.whl", hash = "sha256:de7313063172474b37d9d155fc192de6c534533b901f717dc1d7adf2e33a0165"},
    {file = "libtmux-0.23.2.tar.gz", hash = "sha256:eb3e8fb803e4e7c9ce515c93a95145aa6a0b58ddb2ae532daf9fad879609971d"},
]

[metadata]
lock-version = "2.0"
python-versions = "^3.10"
content-hash = "4a83b186a6fb938bb50eb56457ab1898d9d5952cb0a3606cce922c9052bc81ef"
